// !$*UTF8*$!
{
	archiveVersion = 1;
	classes = {
	};
	objectVersion = 55;
	objects = {

/* Begin PBXBuildFile section */
		A00722062BED0E3600D07287 /* ResetPasswordView.swift in Sources */ = {isa = PBXBuildFile; fileRef = A00722052BED0E3600D07287 /* ResetPasswordView.swift */; };
		A007220C2BED20C400D07287 /* DDBBModel.swift in Sources */ = {isa = PBXBuildFile; fileRef = A007220B2BED20C400D07287 /* DDBBModel.swift */; };
		A007220E2BED224C00D07287 /* DDBBViewModel.swift in Sources */ = {isa = PBXBuildFile; fileRef = A007220D2BED224C00D07287 /* DDBBViewModel.swift */; };
		A00722102BED24E400D07287 /* DDBBView.swift in Sources */ = {isa = PBXBuildFile; fileRef = A007220F2BED24E400D07287 /* DDBBView.swift */; };
		A01DCC562BEE813800394206 /* GoogleSignIn in Frameworks */ = {isa = PBXBuildFile; productRef = A01DCC552BEE813800394206 /* GoogleSignIn */; };
		A01DCC582BEE813800394206 /* GoogleSignInSwift in Frameworks */ = {isa = PBXBuildFile; productRef = A01DCC572BEE813800394206 /* GoogleSignInSwift */; };
		A01DCC5A2BEE820200394206 /* GoogleService-Info.plist in Resources */ = {isa = PBXBuildFile; fileRef = A01DCC592BEE820200394206 /* GoogleService-Info.plist */; };
		A01DCC5D2BEE844100394206 /* AuthModel.swift in Sources */ = {isa = PBXBuildFile; fileRef = A01DCC5C2BEE844100394206 /* AuthModel.swift */; };
		A02DD72A2BEBDC14008A8893 /* AuthViewModel.swift in Sources */ = {isa = PBXBuildFile; fileRef = A02DD7292BEBDC14008A8893 /* AuthViewModel.swift */; };
		A02DD72E2BEBE01E008A8893 /* FirebaseAuth in Frameworks */ = {isa = PBXBuildFile; productRef = A02DD72D2BEBE01E008A8893 /* FirebaseAuth */; };
		A02DD7302BEBE01E008A8893 /* FirebaseFirestore in Frameworks */ = {isa = PBXBuildFile; productRef = A02DD72F2BEBE01E008A8893 /* FirebaseFirestore */; };
		A02DD7322BEBE01E008A8893 /* FirebaseFirestoreSwift in Frameworks */ = {isa = PBXBuildFile; productRef = A02DD7312BEBE01E008A8893 /* FirebaseFirestoreSwift */; };
		A02DD7342BEBE433008A8893 /* HolderAuthView.swift in Sources */ = {isa = PBXBuildFile; fileRef = A02DD7332BEBE433008A8893 /* HolderAuthView.swift */; };
		A02DD7362BEBE462008A8893 /* SignUpView.swift in Sources */ = {isa = PBXBuildFile; fileRef = A02DD7352BEBE462008A8893 /* SignUpView.swift */; };
		A02DD7382BEBF23F008A8893 /* GoogleService-Info-old.plist in Resources */ = {isa = PBXBuildFile; fileRef = A02DD7372BEBF23E008A8893 /* GoogleService-Info-old.plist */; };
		A074E65E2BE92B7A006695BC /* TriviaGameApp.swift in Sources */ = {isa = PBXBuildFile; fileRef = A074E65D2BE92B7A006695BC /* TriviaGameApp.swift */; };
		A074E6602BE92B7A006695BC /* ContentView.swift in Sources */ = {isa = PBXBuildFile; fileRef = A074E65F2BE92B7A006695BC /* ContentView.swift */; };
		A074E6622BE92B7E006695BC /* Assets.xcassets in Resources */ = {isa = PBXBuildFile; fileRef = A074E6612BE92B7E006695BC /* Assets.xcassets */; };
		A074E6652BE92B7E006695BC /* Preview Assets.xcassets in Resources */ = {isa = PBXBuildFile; fileRef = A074E6642BE92B7E006695BC /* Preview Assets.xcassets */; };
		A074E66C2BE92C5B006695BC /* APIModel.swift in Sources */ = {isa = PBXBuildFile; fileRef = A074E66B2BE92C5B006695BC /* APIModel.swift */; };
		A074E66E2BE92DCC006695BC /* APIViewModel.swift in Sources */ = {isa = PBXBuildFile; fileRef = A074E66D2BE92DCC006695BC /* APIViewModel.swift */; };
		A074E6702BE92DE3006695BC /* APIView.swift in Sources */ = {isa = PBXBuildFile; fileRef = A074E66F2BE92DE3006695BC /* APIView.swift */; };
/* End PBXBuildFile section */

/* Begin PBXFileReference section */
		A00722052BED0E3600D07287 /* ResetPasswordView.swift */ = {isa = PBXFileReference; lastKnownFileType = sourcecode.swift; path = ResetPasswordView.swift; sourceTree = "<group>"; };
		A007220B2BED20C400D07287 /* DDBBModel.swift */ = {isa = PBXFileReference; lastKnownFileType = sourcecode.swift; path = DDBBModel.swift; sourceTree = "<group>"; };
		A007220D2BED224C00D07287 /* DDBBViewModel.swift */ = {isa = PBXFileReference; lastKnownFileType = sourcecode.swift; path = DDBBViewModel.swift; sourceTree = "<group>"; };
		A007220F2BED24E400D07287 /* DDBBView.swift */ = {isa = PBXFileReference; lastKnownFileType = sourcecode.swift; path = DDBBView.swift; sourceTree = "<group>"; };
		A01DCC592BEE820200394206 /* GoogleService-Info.plist */ = {isa = PBXFileReference; fileEncoding = 4; lastKnownFileType = text.plist.xml; path = "GoogleService-Info.plist"; sourceTree = "<group>"; };
		A01DCC5B2BEE825400394206 /* Info.plist */ = {isa = PBXFileReference; lastKnownFileType = text.plist; path = Info.plist; sourceTree = "<group>"; };
		A01DCC5C2BEE844100394206 /* AuthModel.swift */ = {isa = PBXFileReference; lastKnownFileType = sourcecode.swift; path = AuthModel.swift; sourceTree = "<group>"; };
		A02DD7292BEBDC14008A8893 /* AuthViewModel.swift */ = {isa = PBXFileReference; lastKnownFileType = sourcecode.swift; path = AuthViewModel.swift; sourceTree = "<group>"; };
		A02DD7332BEBE433008A8893 /* HolderAuthView.swift */ = {isa = PBXFileReference; lastKnownFileType = sourcecode.swift; path = HolderAuthView.swift; sourceTree = "<group>"; };
		A02DD7352BEBE462008A8893 /* SignUpView.swift */ = {isa = PBXFileReference; lastKnownFileType = sourcecode.swift; path = SignUpView.swift; sourceTree = "<group>"; };
		A02DD7372BEBF23E008A8893 /* GoogleService-Info-old.plist */ = {isa = PBXFileReference; fileEncoding = 4; lastKnownFileType = text.plist.xml; path = "GoogleService-Info-old.plist"; sourceTree = "<group>"; };
		A074E65A2BE92B7A006695BC /* TriviaGame.app */ = {isa = PBXFileReference; explicitFileType = wrapper.application; includeInIndex = 0; path = TriviaGame.app; sourceTree = BUILT_PRODUCTS_DIR; };
		A074E65D2BE92B7A006695BC /* TriviaGameApp.swift */ = {isa = PBXFileReference; lastKnownFileType = sourcecode.swift; path = TriviaGameApp.swift; sourceTree = "<group>"; };
		A074E65F2BE92B7A006695BC /* ContentView.swift */ = {isa = PBXFileReference; lastKnownFileType = sourcecode.swift; path = ContentView.swift; sourceTree = "<group>"; };
		A074E6612BE92B7E006695BC /* Assets.xcassets */ = {isa = PBXFileReference; lastKnownFileType = folder.assetcatalog; path = Assets.xcassets; sourceTree = "<group>"; };
		A074E6642BE92B7E006695BC /* Preview Assets.xcassets */ = {isa = PBXFileReference; lastKnownFileType = folder.assetcatalog; path = "Preview Assets.xcassets"; sourceTree = "<group>"; };
		A074E66B2BE92C5B006695BC /* APIModel.swift */ = {isa = PBXFileReference; lastKnownFileType = sourcecode.swift; path = APIModel.swift; sourceTree = "<group>"; };
		A074E66D2BE92DCC006695BC /* APIViewModel.swift */ = {isa = PBXFileReference; lastKnownFileType = sourcecode.swift; path = APIViewModel.swift; sourceTree = "<group>"; };
		A074E66F2BE92DE3006695BC /* APIView.swift */ = {isa = PBXFileReference; lastKnownFileType = sourcecode.swift; path = APIView.swift; sourceTree = "<group>"; };
/* End PBXFileReference section */

/* Begin PBXFrameworksBuildPhase section */
		A074E6572BE92B7A006695BC /* Frameworks */ = {
			isa = PBXFrameworksBuildPhase;
			buildActionMask = 2147483647;
			files = (
				A01DCC582BEE813800394206 /* GoogleSignInSwift in Frameworks */,
				A02DD72E2BEBE01E008A8893 /* FirebaseAuth in Frameworks */,
				A01DCC562BEE813800394206 /* GoogleSignIn in Frameworks */,
				A02DD7302BEBE01E008A8893 /* FirebaseFirestore in Frameworks */,
				A02DD7322BEBE01E008A8893 /* FirebaseFirestoreSwift in Frameworks */,
			);
			runOnlyForDeploymentPostprocessing = 0;
		};
/* End PBXFrameworksBuildPhase section */

/* Begin PBXGroup section */
		A074E6512BE92B7A006695BC = {
			isa = PBXGroup;
			children = (
				A074E65C2BE92B7A006695BC /* TriviaGame */,
				A074E65B2BE92B7A006695BC /* Products */,
			);
			sourceTree = "<group>";
		};
		A074E65B2BE92B7A006695BC /* Products */ = {
			isa = PBXGroup;
			children = (
				A074E65A2BE92B7A006695BC /* TriviaGame.app */,
			);
			name = Products;
			sourceTree = "<group>";
		};
		A074E65C2BE92B7A006695BC /* TriviaGame */ = {
			isa = PBXGroup;
			children = (
				A01DCC5B2BEE825400394206 /* Info.plist */,
				A007220D2BED224C00D07287 /* DDBBViewModel.swift */,
				A007220F2BED24E400D07287 /* DDBBView.swift */,
				A007220B2BED20C400D07287 /* DDBBModel.swift */,
				A02DD7292BEBDC14008A8893 /* AuthViewModel.swift */,
				A02DD7352BEBE462008A8893 /* SignUpView.swift */,
				A00722052BED0E3600D07287 /* ResetPasswordView.swift */,
				A02DD7332BEBE433008A8893 /* HolderAuthView.swift */,
				A01DCC5C2BEE844100394206 /* AuthModel.swift */,
				A074E66D2BE92DCC006695BC /* APIViewModel.swift */,
				A074E66F2BE92DE3006695BC /* APIView.swift */,
				A074E66B2BE92C5B006695BC /* APIModel.swift */,
				A01DCC592BEE820200394206 /* GoogleService-Info.plist */,
				A02DD7372BEBF23E008A8893 /* GoogleService-Info-old.plist */,
				A074E65D2BE92B7A006695BC /* TriviaGameApp.swift */,
				A074E65F2BE92B7A006695BC /* ContentView.swift */,
				A074E6612BE92B7E006695BC /* Assets.xcassets */,
				A074E6632BE92B7E006695BC /* Preview Content */,
			);
			path = TriviaGame;
			sourceTree = "<group>";
		};
		A074E6632BE92B7E006695BC /* Preview Content */ = {
			isa = PBXGroup;
			children = (
				A074E6642BE92B7E006695BC /* Preview Assets.xcassets */,
			);
			path = "Preview Content";
			sourceTree = "<group>";
		};
/* End PBXGroup section */

/* Begin PBXNativeTarget section */
		A074E6592BE92B7A006695BC /* TriviaGame */ = {
			isa = PBXNativeTarget;
			buildConfigurationList = A074E6682BE92B7E006695BC /* Build configuration list for PBXNativeTarget "TriviaGame" */;
			buildPhases = (
				A074E6562BE92B7A006695BC /* Sources */,
				A074E6572BE92B7A006695BC /* Frameworks */,
				A074E6582BE92B7A006695BC /* Resources */,
			);
			buildRules = (
			);
			dependencies = (
			);
			name = TriviaGame;
			packageProductDependencies = (
				A02DD72D2BEBE01E008A8893 /* FirebaseAuth */,
				A02DD72F2BEBE01E008A8893 /* FirebaseFirestore */,
				A02DD7312BEBE01E008A8893 /* FirebaseFirestoreSwift */,
				A01DCC552BEE813800394206 /* GoogleSignIn */,
				A01DCC572BEE813800394206 /* GoogleSignInSwift */,
			);
			productName = TriviaGame;
			productReference = A074E65A2BE92B7A006695BC /* TriviaGame.app */;
			productType = "com.apple.product-type.application";
		};
/* End PBXNativeTarget section */

/* Begin PBXProject section */
		A074E6522BE92B7A006695BC /* Project object */ = {
			isa = PBXProject;
			attributes = {
				BuildIndependentTargetsInParallel = 1;
				LastSwiftUpdateCheck = 1340;
				LastUpgradeCheck = 1340;
				TargetAttributes = {
					A074E6592BE92B7A006695BC = {
						CreatedOnToolsVersion = 13.4;
					};
				};
			};
			buildConfigurationList = A074E6552BE92B7A006695BC /* Build configuration list for PBXProject "TriviaGame" */;
			compatibilityVersion = "Xcode 13.0";
			developmentRegion = en;
			hasScannedForEncodings = 0;
			knownRegions = (
				en,
				Base,
			);
			mainGroup = A074E6512BE92B7A006695BC;
			packageReferences = (
				A02DD72C2BEBE01E008A8893 /* XCRemoteSwiftPackageReference "firebase-ios-sdk" */,
				A01DCC542BEE813800394206 /* XCRemoteSwiftPackageReference "googleSignIn-iOS" */,
			);
			productRefGroup = A074E65B2BE92B7A006695BC /* Products */;
			projectDirPath = "";
			projectRoot = "";
			targets = (
				A074E6592BE92B7A006695BC /* TriviaGame */,
			);
		};
/* End PBXProject section */

/* Begin PBXResourcesBuildPhase section */
		A074E6582BE92B7A006695BC /* Resources */ = {
			isa = PBXResourcesBuildPhase;
			buildActionMask = 2147483647;
			files = (
				A074E6652BE92B7E006695BC /* Preview Assets.xcassets in Resources */,
				A01DCC5A2BEE820200394206 /* GoogleService-Info.plist in Resources */,
				A074E6622BE92B7E006695BC /* Assets.xcassets in Resources */,
				A02DD7382BEBF23F008A8893 /* GoogleService-Info-old.plist in Resources */,
			);
			runOnlyForDeploymentPostprocessing = 0;
		};
/* End PBXResourcesBuildPhase section */

/* Begin PBXSourcesBuildPhase section */
		A074E6562BE92B7A006695BC /* Sources */ = {
			isa = PBXSourcesBuildPhase;
			buildActionMask = 2147483647;
			files = (
				A02DD72A2BEBDC14008A8893 /* AuthViewModel.swift in Sources */,
				A007220C2BED20C400D07287 /* DDBBModel.swift in Sources */,
				A074E66C2BE92C5B006695BC /* APIModel.swift in Sources */,
				A01DCC5D2BEE844100394206 /* AuthModel.swift in Sources */,
				A007220E2BED224C00D07287 /* DDBBViewModel.swift in Sources */,
				A074E6702BE92DE3006695BC /* APIView.swift in Sources */,
				A074E6602BE92B7A006695BC /* ContentView.swift in Sources */,
				A02DD7362BEBE462008A8893 /* SignUpView.swift in Sources */,
				A074E65E2BE92B7A006695BC /* TriviaGameApp.swift in Sources */,
				A00722102BED24E400D07287 /* DDBBView.swift in Sources */,
				A074E66E2BE92DCC006695BC /* APIViewModel.swift in Sources */,
				A02DD7342BEBE433008A8893 /* HolderAuthView.swift in Sources */,
				A00722062BED0E3600D07287 /* ResetPasswordView.swift in Sources */,
			);
			runOnlyForDeploymentPostprocessing = 0;
		};
/* End PBXSourcesBuildPhase section */

/* Begin XCBuildConfiguration section */
		A074E6662BE92B7E006695BC /* Debug */ = {
			isa = XCBuildConfiguration;
			buildSettings = {
				ALWAYS_SEARCH_USER_PATHS = NO;
				CLANG_ANALYZER_NONNULL = YES;
				CLANG_ANALYZER_NUMBER_OBJECT_CONVERSION = YES_AGGRESSIVE;
				CLANG_CXX_LANGUAGE_STANDARD = "gnu++17";
				CLANG_ENABLE_MODULES = YES;
				CLANG_ENABLE_OBJC_ARC = YES;
				CLANG_ENABLE_OBJC_WEAK = YES;
				CLANG_WARN_BLOCK_CAPTURE_AUTORELEASING = YES;
				CLANG_WARN_BOOL_CONVERSION = YES;
				CLANG_WARN_COMMA = YES;
				CLANG_WARN_CONSTANT_CONVERSION = YES;
				CLANG_WARN_DEPRECATED_OBJC_IMPLEMENTATIONS = YES;
				CLANG_WARN_DIRECT_OBJC_ISA_USAGE = YES_ERROR;
				CLANG_WARN_DOCUMENTATION_COMMENTS = YES;
				CLANG_WARN_EMPTY_BODY = YES;
				CLANG_WARN_ENUM_CONVERSION = YES;
				CLANG_WARN_INFINITE_RECURSION = YES;
				CLANG_WARN_INT_CONVERSION = YES;
				CLANG_WARN_NON_LITERAL_NULL_CONVERSION = YES;
				CLANG_WARN_OBJC_IMPLICIT_RETAIN_SELF = YES;
				CLANG_WARN_OBJC_LITERAL_CONVERSION = YES;
				CLANG_WARN_OBJC_ROOT_CLASS = YES_ERROR;
				CLANG_WARN_QUOTED_INCLUDE_IN_FRAMEWORK_HEADER = YES;
				CLANG_WARN_RANGE_LOOP_ANALYSIS = YES;
				CLANG_WARN_STRICT_PROTOTYPES = YES;
				CLANG_WARN_SUSPICIOUS_MOVE = YES;
				CLANG_WARN_UNGUARDED_AVAILABILITY = YES_AGGRESSIVE;
				CLANG_WARN_UNREACHABLE_CODE = YES;
				CLANG_WARN__DUPLICATE_METHOD_MATCH = YES;
				COPY_PHASE_STRIP = NO;
				DEBUG_INFORMATION_FORMAT = dwarf;
				ENABLE_STRICT_OBJC_MSGSEND = YES;
				ENABLE_TESTABILITY = YES;
				GCC_C_LANGUAGE_STANDARD = gnu11;
				GCC_DYNAMIC_NO_PIC = NO;
				GCC_NO_COMMON_BLOCKS = YES;
				GCC_OPTIMIZATION_LEVEL = 0;
				GCC_PREPROCESSOR_DEFINITIONS = (
					"DEBUG=1",
					"$(inherited)",
				);
				GCC_WARN_64_TO_32_BIT_CONVERSION = YES;
				GCC_WARN_ABOUT_RETURN_TYPE = YES_ERROR;
				GCC_WARN_UNDECLARED_SELECTOR = YES;
				GCC_WARN_UNINITIALIZED_AUTOS = YES_AGGRESSIVE;
				GCC_WARN_UNUSED_FUNCTION = YES;
				GCC_WARN_UNUSED_VARIABLE = YES;
				IPHONEOS_DEPLOYMENT_TARGET = 15.5;
				MTL_ENABLE_DEBUG_INFO = INCLUDE_SOURCE;
				MTL_FAST_MATH = YES;
				ONLY_ACTIVE_ARCH = YES;
				SDKROOT = iphoneos;
				SWIFT_ACTIVE_COMPILATION_CONDITIONS = DEBUG;
				SWIFT_OPTIMIZATION_LEVEL = "-Onone";
			};
			name = Debug;
		};
		A074E6672BE92B7E006695BC /* Release */ = {
			isa = XCBuildConfiguration;
			buildSettings = {
				ALWAYS_SEARCH_USER_PATHS = NO;
				CLANG_ANALYZER_NONNULL = YES;
				CLANG_ANALYZER_NUMBER_OBJECT_CONVERSION = YES_AGGRESSIVE;
				CLANG_CXX_LANGUAGE_STANDARD = "gnu++17";
				CLANG_ENABLE_MODULES = YES;
				CLANG_ENABLE_OBJC_ARC = YES;
				CLANG_ENABLE_OBJC_WEAK = YES;
				CLANG_WARN_BLOCK_CAPTURE_AUTORELEASING = YES;
				CLANG_WARN_BOOL_CONVERSION = YES;
				CLANG_WARN_COMMA = YES;
				CLANG_WARN_CONSTANT_CONVERSION = YES;
				CLANG_WARN_DEPRECATED_OBJC_IMPLEMENTATIONS = YES;
				CLANG_WARN_DIRECT_OBJC_ISA_USAGE = YES_ERROR;
				CLANG_WARN_DOCUMENTATION_COMMENTS = YES;
				CLANG_WARN_EMPTY_BODY = YES;
				CLANG_WARN_ENUM_CONVERSION = YES;
				CLANG_WARN_INFINITE_RECURSION = YES;
				CLANG_WARN_INT_CONVERSION = YES;
				CLANG_WARN_NON_LITERAL_NULL_CONVERSION = YES;
				CLANG_WARN_OBJC_IMPLICIT_RETAIN_SELF = YES;
				CLANG_WARN_OBJC_LITERAL_CONVERSION = YES;
				CLANG_WARN_OBJC_ROOT_CLASS = YES_ERROR;
				CLANG_WARN_QUOTED_INCLUDE_IN_FRAMEWORK_HEADER = YES;
				CLANG_WARN_RANGE_LOOP_ANALYSIS = YES;
				CLANG_WARN_STRICT_PROTOTYPES = YES;
				CLANG_WARN_SUSPICIOUS_MOVE = YES;
				CLANG_WARN_UNGUARDED_AVAILABILITY = YES_AGGRESSIVE;
				CLANG_WARN_UNREACHABLE_CODE = YES;
				CLANG_WARN__DUPLICATE_METHOD_MATCH = YES;
				COPY_PHASE_STRIP = NO;
				DEBUG_INFORMATION_FORMAT = "dwarf-with-dsym";
				ENABLE_NS_ASSERTIONS = NO;
				ENABLE_STRICT_OBJC_MSGSEND = YES;
				GCC_C_LANGUAGE_STANDARD = gnu11;
				GCC_NO_COMMON_BLOCKS = YES;
				GCC_WARN_64_TO_32_BIT_CONVERSION = YES;
				GCC_WARN_ABOUT_RETURN_TYPE = YES_ERROR;
				GCC_WARN_UNDECLARED_SELECTOR = YES;
				GCC_WARN_UNINITIALIZED_AUTOS = YES_AGGRESSIVE;
				GCC_WARN_UNUSED_FUNCTION = YES;
				GCC_WARN_UNUSED_VARIABLE = YES;
				IPHONEOS_DEPLOYMENT_TARGET = 15.5;
				MTL_ENABLE_DEBUG_INFO = NO;
				MTL_FAST_MATH = YES;
				SDKROOT = iphoneos;
				SWIFT_COMPILATION_MODE = wholemodule;
				SWIFT_OPTIMIZATION_LEVEL = "-O";
				VALIDATE_PRODUCT = YES;
			};
			name = Release;
		};
		A074E6692BE92B7E006695BC /* Debug */ = {
			isa = XCBuildConfiguration;
			buildSettings = {
				ASSETCATALOG_COMPILER_APPICON_NAME = AppIcon;
				ASSETCATALOG_COMPILER_GLOBAL_ACCENT_COLOR_NAME = AccentColor;
				CODE_SIGN_STYLE = Automatic;
				CURRENT_PROJECT_VERSION = 1;
				DEVELOPMENT_ASSET_PATHS = "\"TriviaGame/Preview Content\"";
				DEVELOPMENT_TEAM = YR38P66FTJ;
				ENABLE_PREVIEWS = YES;
				GENERATE_INFOPLIST_FILE = YES;
				INFOPLIST_FILE = TriviaGame/Info.plist;
				INFOPLIST_KEY_UIApplicationSceneManifest_Generation = YES;
				INFOPLIST_KEY_UIApplicationSupportsIndirectInputEvents = YES;
				INFOPLIST_KEY_UILaunchScreen_Generation = YES;
				INFOPLIST_KEY_UISupportedInterfaceOrientations_iPad = "UIInterfaceOrientationPortrait UIInterfaceOrientationPortraitUpsideDown UIInterfaceOrientationLandscapeLeft UIInterfaceOrientationLandscapeRight";
				INFOPLIST_KEY_UISupportedInterfaceOrientations_iPhone = "UIInterfaceOrientationPortrait UIInterfaceOrientationLandscapeLeft UIInterfaceOrientationLandscapeRight";
				LD_RUNPATH_SEARCH_PATHS = (
					"$(inherited)",
					"@executable_path/Frameworks",
				);
				MARKETING_VERSION = 1.0;
				PRODUCT_BUNDLE_IDENTIFIER = com.appcoda.TriviaGame;
				PRODUCT_NAME = "$(TARGET_NAME)";
				SWIFT_EMIT_LOC_STRINGS = YES;
				SWIFT_VERSION = 5.0;
				TARGETED_DEVICE_FAMILY = "1,2";
			};
			name = Debug;
		};
		A074E66A2BE92B7E006695BC /* Release */ = {
			isa = XCBuildConfiguration;
			buildSettings = {
				ASSETCATALOG_COMPILER_APPICON_NAME = AppIcon;
				ASSETCATALOG_COMPILER_GLOBAL_ACCENT_COLOR_NAME = AccentColor;
				CODE_SIGN_STYLE = Automatic;
				CURRENT_PROJECT_VERSION = 1;
				DEVELOPMENT_ASSET_PATHS = "\"TriviaGame/Preview Content\"";
				DEVELOPMENT_TEAM = YR38P66FTJ;
				ENABLE_PREVIEWS = YES;
				GENERATE_INFOPLIST_FILE = YES;
				INFOPLIST_FILE = TriviaGame/Info.plist;
				INFOPLIST_KEY_UIApplicationSceneManifest_Generation = YES;
				INFOPLIST_KEY_UIApplicationSupportsIndirectInputEvents = YES;
				INFOPLIST_KEY_UILaunchScreen_Generation = YES;
				INFOPLIST_KEY_UISupportedInterfaceOrientations_iPad = "UIInterfaceOrientationPortrait UIInterfaceOrientationPortraitUpsideDown UIInterfaceOrientationLandscapeLeft UIInterfaceOrientationLandscapeRight";
				INFOPLIST_KEY_UISupportedInterfaceOrientations_iPhone = "UIInterfaceOrientationPortrait UIInterfaceOrientationLandscapeLeft UIInterfaceOrientationLandscapeRight";
				LD_RUNPATH_SEARCH_PATHS = (
					"$(inherited)",
					"@executable_path/Frameworks",
				);
				MARKETING_VERSION = 1.0;
				PRODUCT_BUNDLE_IDENTIFIER = com.appcoda.TriviaGame;
				PRODUCT_NAME = "$(TARGET_NAME)";
				SWIFT_EMIT_LOC_STRINGS = YES;
				SWIFT_VERSION = 5.0;
				TARGETED_DEVICE_FAMILY = "1,2";
			};
			name = Release;
		};
/* End XCBuildConfiguration section */

/* Begin XCConfigurationList section */
		A074E6552BE92B7A006695BC /* Build configuration list for PBXProject "TriviaGame" */ = {
			isa = XCConfigurationList;
			buildConfigurations = (
				A074E6662BE92B7E006695BC /* Debug */,
				A074E6672BE92B7E006695BC /* Release */,
			);
			defaultConfigurationIsVisible = 0;
			defaultConfigurationName = Release;
		};
		A074E6682BE92B7E006695BC /* Build configuration list for PBXNativeTarget "TriviaGame" */ = {
			isa = XCConfigurationList;
			buildConfigurations = (
				A074E6692BE92B7E006695BC /* Debug */,
				A074E66A2BE92B7E006695BC /* Release */,
			);
			defaultConfigurationIsVisible = 0;
			defaultConfigurationName = Release;
		};
/* End XCConfigurationList section */

/* Begin XCRemoteSwiftPackageReference section */
		A01DCC542BEE813800394206 /* XCRemoteSwiftPackageReference "googleSignIn-iOS" */ = {
			isa = XCRemoteSwiftPackageReference;
			repositoryURL = "https://github.com/google/googleSignIn-iOS";
			requirement = {
				kind = upToNextMajorVersion;
				minimumVersion = 7.0.0;
			};
		};
		A02DD72C2BEBE01E008A8893 /* XCRemoteSwiftPackageReference "firebase-ios-sdk" */ = {
			isa = XCRemoteSwiftPackageReference;
			repositoryURL = "https://github.com/firebase/firebase-ios-sdk";
			requirement = {
				kind = upToNextMajorVersion;
				minimumVersion = 9.0.0;
			};
		};
/* End XCRemoteSwiftPackageReference section */

/* Begin XCSwiftPackageProductDependency section */
		A01DCC552BEE813800394206 /* GoogleSignIn */ = {
			isa = XCSwiftPackageProductDependency;
			package = A01DCC542BEE813800394206 /* XCRemoteSwiftPackageReference "googleSignIn-iOS" */;
			productName = GoogleSignIn;
		};
		A01DCC572BEE813800394206 /* GoogleSignInSwift */ = {
			isa = XCSwiftPackageProductDependency;
			package = A01DCC542BEE813800394206 /* XCRemoteSwiftPackageReference "googleSignIn-iOS" */;
			productName = GoogleSignInSwift;
		};
		A02DD72D2BEBE01E008A8893 /* FirebaseAuth */ = {
			isa = XCSwiftPackageProductDependency;
			package = A02DD72C2BEBE01E008A8893 /* XCRemoteSwiftPackageReference "firebase-ios-sdk" */;
			productName = FirebaseAuth;
		};
		A02DD72F2BEBE01E008A8893 /* FirebaseFirestore */ = {
			isa = XCSwiftPackageProductDependency;
			package = A02DD72C2BEBE01E008A8893 /* XCRemoteSwiftPackageReference "firebase-ios-sdk" */;
			productName = FirebaseFirestore;
		};
		A02DD7312BEBE01E008A8893 /* FirebaseFirestoreSwift */ = {
			isa = XCSwiftPackageProductDependency;
			package = A02DD72C2BEBE01E008A8893 /* XCRemoteSwiftPackageReference "firebase-ios-sdk" */;
			productName = FirebaseFirestoreSwift;
		};
/* End XCSwiftPackageProductDependency section */
	};
	rootObject = A074E6522BE92B7A006695BC /* Project object */;
}
